# This file is automatically @generated by Cargo.
# It is not intended for manual editing.
version = 3

[[package]]
name = "spirv-std"
version = "0.4.0-alpha.7"
dependencies = [
 "spirv-std-macros",
 "spirv-types",
]

[[package]]
name = "spirv-std-macros"
version = "0.4.0-alpha.7"

[[package]]
name = "spirv-types"
version = "0.4.0-alpha.7"
